
Microsoft Visual Studio Solution File, Format Version 12.00
# Visual Studio Version 17
VisualStudioVersion = 17.0.31903.59
MinimumVisualStudioVersion = 10.0.40219.1
Project("{FAE04EC0-301F-11D3-BF4B-00C04F79EFBC}") = "Arya.BabyLogger.Mobile", "Arya.BabyLogger.Mobile\Arya.BabyLogger.Mobile.csproj", "{838F32FF-52F2-4F0B-827D-452771AF897C}"
EndProject
Project("{FAE04EC0-301F-11D3-BF4B-00C04F79EFBC}") = "Arya.BabyLogger.WebApi", "Arya.BabyLogger.WebApi\Arya.BabyLogger.WebApi.csproj", "{94E4317A-03BB-45D1-928D-8C30B40EFF38}"
EndProject
Project("{FAE04EC0-301F-11D3-BF4B-00C04F79EFBC}") = "Arya.BabyLogger.Shared", "Arya.BabyLogger.Shared\Arya.BabyLogger.Shared.csproj", "{FEA2B9F9-2DB4-40B9-AC84-2CA2A121A748}"
EndProject
Global
	GlobalSection(SolutionConfigurationPlatforms) = preSolution
		Debug|Any CPU = Debug|Any CPU
		Debug|x64 = Debug|x64
		Debug|x86 = Debug|x86
		Release|Any CPU = Release|Any CPU
		Release|x64 = Release|x64
		Release|x86 = Release|x86
	EndGlobalSection
	GlobalSection(ProjectConfigurationPlatforms) = postSolution
		{838F32FF-52F2-4F0B-827D-452771AF897C}.Debug|Any CPU.ActiveCfg = Debug|Any CPU
		{838F32FF-52F2-4F0B-827D-452771AF897C}.Debug|Any CPU.Build.0 = Debug|Any CPU
		{838F32FF-52F2-4F0B-827D-452771AF897C}.Debug|x64.ActiveCfg = Debug|Any CPU
		{838F32FF-52F2-4F0B-827D-452771AF897C}.Debug|x64.Build.0 = Debug|Any CPU
		{838F32FF-52F2-4F0B-827D-452771AF897C}.Debug|x86.ActiveCfg = Debug|Any CPU
		{838F32FF-52F2-4F0B-827D-452771AF897C}.Debug|x86.Build.0 = Debug|Any CPU
		{838F32FF-52F2-4F0B-827D-452771AF897C}.Release|Any CPU.ActiveCfg = Release|Any CPU
		{838F32FF-52F2-4F0B-827D-452771AF897C}.Release|Any CPU.Build.0 = Release|Any CPU
		{838F32FF-52F2-4F0B-827D-452771AF897C}.Release|x64.ActiveCfg = Release|Any CPU
		{838F32FF-52F2-4F0B-827D-452771AF897C}.Release|x64.Build.0 = Release|Any CPU
		{838F32FF-52F2-4F0B-827D-452771AF897C}.Release|x86.ActiveCfg = Release|Any CPU
		{838F32FF-52F2-4F0B-827D-452771AF897C}.Release|x86.Build.0 = Release|Any CPU
		{94E4317A-03BB-45D1-928D-8C30B40EFF38}.Debug|Any CPU.ActiveCfg = Debug|Any CPU
		{94E4317A-03BB-45D1-928D-8C30B40EFF38}.Debug|Any CPU.Build.0 = Debug|Any CPU
		{94E4317A-03BB-45D1-928D-8C30B40EFF38}.Debug|x64.ActiveCfg = Debug|Any CPU
		{94E4317A-03BB-45D1-928D-8C30B40EFF38}.Debug|x64.Build.0 = Debug|Any CPU
		{94E4317A-03BB-45D1-928D-8C30B40EFF38}.Debug|x86.ActiveCfg = Debug|Any CPU
		{94E4317A-03BB-45D1-928D-8C30B40EFF38}.Debug|x86.Build.0 = Debug|Any CPU
		{94E4317A-03BB-45D1-928D-8C30B40EFF38}.Release|Any CPU.ActiveCfg = Release|Any CPU
		{94E4317A-03BB-45D1-928D-8C30B40EFF38}.Release|Any CPU.Build.0 = Release|Any CPU
		{94E4317A-03BB-45D1-928D-8C30B40EFF38}.Release|x64.ActiveCfg = Release|Any CPU
		{94E4317A-03BB-45D1-928D-8C30B40EFF38}.Release|x64.Build.0 = Release|Any CPU
		{94E4317A-03BB-45D1-928D-8C30B40EFF38}.Release|x86.ActiveCfg = Release|Any CPU
		{94E4317A-03BB-45D1-928D-8C30B40EFF38}.Release|x86.Build.0 = Release|Any CPU
		{FEA2B9F9-2DB4-40B9-AC84-2CA2A121A748}.Debug|Any CPU.ActiveCfg = Debug|Any CPU
		{FEA2B9F9-2DB4-40B9-AC84-2CA2A121A748}.Debug|Any CPU.Build.0 = Debug|Any CPU
		{FEA2B9F9-2DB4-40B9-AC84-2CA2A121A748}.Debug|x64.ActiveCfg = Debug|Any CPU
		{FEA2B9F9-2DB4-40B9-AC84-2CA2A121A748}.Debug|x64.Build.0 = Debug|Any CPU
		{FEA2B9F9-2DB4-40B9-AC84-2CA2A121A748}.Debug|x86.ActiveCfg = Debug|Any CPU
		{FEA2B9F9-2DB4-40B9-AC84-2CA2A121A748}.Debug|x86.Build.0 = Debug|Any CPU
		{FEA2B9F9-2DB4-40B9-AC84-2CA2A121A748}.Release|Any CPU.ActiveCfg = Release|Any CPU
		{FEA2B9F9-2DB4-40B9-AC84-2CA2A121A748}.Release|Any CPU.Build.0 = Release|Any CPU
		{FEA2B9F9-2DB4-40B9-AC84-2CA2A121A748}.Release|x64.ActiveCfg = Release|Any CPU
		{FEA2B9F9-2DB4-40B9-AC84-2CA2A121A748}.Release|x64.Build.0 = Release|Any CPU
		{FEA2B9F9-2DB4-40B9-AC84-2CA2A121A748}.Release|x86.ActiveCfg = Release|Any CPU
		{FEA2B9F9-2DB4-40B9-AC84-2CA2A121A748}.Release|x86.Build.0 = Release|Any CPU
	EndGlobalSection
	GlobalSection(SolutionProperties) = preSolution
		HideSolutionNode = FALSE
	EndGlobalSection
EndGlobal
